// !$*UTF8*$!
{
	archiveVersion = 1;
	classes = {
	};
	objectVersion = 55;
	objects = {

/* Begin PBXBuildFile section */
		80C54DA627F25825001C9332 /* hydrominderApp.swift in Sources */ = {isa = PBXBuildFile; fileRef = 80C54DA527F25825001C9332 /* hydrominderApp.swift */; };
		80C54DA827F25825001C9332 /* ContentView.swift in Sources */ = {isa = PBXBuildFile; fileRef = 80C54DA727F25825001C9332 /* ContentView.swift */; };
		80C54DAA27F2582E001C9332 /* Assets.xcassets in Resources */ = {isa = PBXBuildFile; fileRef = 80C54DA927F2582E001C9332 /* Assets.xcassets */; };
		80C54DAD27F2582E001C9332 /* Preview Assets.xcassets in Resources */ = {isa = PBXBuildFile; fileRef = 80C54DAC27F2582E001C9332 /* Preview Assets.xcassets */; };
		80C54DAF27F2582E001C9332 /* Persistence.swift in Sources */ = {isa = PBXBuildFile; fileRef = 80C54DAE27F2582E001C9332 /* Persistence.swift */; };
		80C54DB227F2582E001C9332 /* hydrominder.xcdatamodeld in Sources */ = {isa = PBXBuildFile; fileRef = 80C54DB027F2582E001C9332 /* hydrominder.xcdatamodeld */; };
		80C54DBC27F2582F001C9332 /* hydrominderTests.swift in Sources */ = {isa = PBXBuildFile; fileRef = 80C54DBB27F2582F001C9332 /* hydrominderTests.swift */; };
		80C54DC627F2582F001C9332 /* hydrominderUITests.swift in Sources */ = {isa = PBXBuildFile; fileRef = 80C54DC527F2582F001C9332 /* hydrominderUITests.swift */; };
		80C54DC827F2582F001C9332 /* hydrominderUITestsLaunchTests.swift in Sources */ = {isa = PBXBuildFile; fileRef = 80C54DC727F2582F001C9332 /* hydrominderUITestsLaunchTests.swift */; };
/* End PBXBuildFile section */

/* Begin PBXContainerItemProxy section */
		80C54DB827F2582F001C9332 /* PBXContainerItemProxy */ = {
			isa = PBXContainerItemProxy;
			containerPortal = 80C54D9A27F25824001C9332 /* Project object */;
			proxyType = 1;
			remoteGlobalIDString = 80C54DA127F25824001C9332;
			remoteInfo = hydrominder;
		};
		80C54DC227F2582F001C9332 /* PBXContainerItemProxy */ = {
			isa = PBXContainerItemProxy;
			containerPortal = 80C54D9A27F25824001C9332 /* Project object */;
			proxyType = 1;
			remoteGlobalIDString = 80C54DA127F25824001C9332;
			remoteInfo = hydrominder;
		};
/* End PBXContainerItemProxy section */

/* Begin PBXFileReference section */
		80C54DA227F25825001C9332 /* hydrominder.app */ = {isa = PBXFileReference; explicitFileType = wrapper.application; includeInIndex = 0; path = hydrominder.app; sourceTree = BUILT_PRODUCTS_DIR; };
		80C54DA527F25825001C9332 /* hydrominderApp.swift */ = {isa = PBXFileReference; lastKnownFileType = sourcecode.swift; path = hydrominderApp.swift; sourceTree = "<group>"; };
		80C54DA727F25825001C9332 /* ContentView.swift */ = {isa = PBXFileReference; lastKnownFileType = sourcecode.swift; path = ContentView.swift; sourceTree = "<group>"; };
		80C54DA927F2582E001C9332 /* Assets.xcassets */ = {isa = PBXFileReference; lastKnownFileType = folder.assetcatalog; path = Assets.xcassets; sourceTree = "<group>"; };
		80C54DAC27F2582E001C9332 /* Preview Assets.xcassets */ = {isa = PBXFileReference; lastKnownFileType = folder.assetcatalog; path = "Preview Assets.xcassets"; sourceTree = "<group>"; };
		80C54DAE27F2582E001C9332 /* Persistence.swift */ = {isa = PBXFileReference; lastKnownFileType = sourcecode.swift; path = Persistence.swift; sourceTree = "<group>"; };
		80C54DB127F2582E001C9332 /* hydrominder.xcdatamodel */ = {isa = PBXFileReference; lastKnownFileType = wrapper.xcdatamodel; path = hydrominder.xcdatamodel; sourceTree = "<group>"; };
		80C54DB727F2582F001C9332 /* hydrominderTests.xctest */ = {isa = PBXFileReference; explicitFileType = wrapper.cfbundle; includeInIndex = 0; path = hydrominderTests.xctest; sourceTree = BUILT_PRODUCTS_DIR; };
		80C54DBB27F2582F001C9332 /* hydrominderTests.swift */ = {isa = PBXFileReference; lastKnownFileType = sourcecode.swift; path = hydrominderTests.swift; sourceTree = "<group>"; };
		80C54DC127F2582F001C9332 /* hydrominderUITests.xctest */ = {isa = PBXFileReference; explicitFileType = wrapper.cfbundle; includeInIndex = 0; path = hydrominderUITests.xctest; sourceTree = BUILT_PRODUCTS_DIR; };
		80C54DC527F2582F001C9332 /* hydrominderUITests.swift */ = {isa = PBXFileReference; lastKnownFileType = sourcecode.swift; path = hydrominderUITests.swift; sourceTree = "<group>"; };
		80C54DC727F2582F001C9332 /* hydrominderUITestsLaunchTests.swift */ = {isa = PBXFileReference; lastKnownFileType = sourcecode.swift; path = hydrominderUITestsLaunchTests.swift; sourceTree = "<group>"; };
/* End PBXFileReference section */

/* Begin PBXFrameworksBuildPhase section */
		80C54D9F27F25824001C9332 /* Frameworks */ = {
			isa = PBXFrameworksBuildPhase;
			buildActionMask = 2147483647;
			files = (
			);
			runOnlyForDeploymentPostprocessing = 0;
		};
		80C54DB427F2582F001C9332 /* Frameworks */ = {
			isa = PBXFrameworksBuildPhase;
			buildActionMask = 2147483647;
			files = (
			);
			runOnlyForDeploymentPostprocessing = 0;
		};
		80C54DBE27F2582F001C9332 /* Frameworks */ = {
			isa = PBXFrameworksBuildPhase;
			buildActionMask = 2147483647;
			files = (
			);
			runOnlyForDeploymentPostprocessing = 0;
		};
/* End PBXFrameworksBuildPhase section */

/* Begin PBXGroup section */
		80C54D9927F25824001C9332 = {
			isa = PBXGroup;
			children = (
				80C54DA427F25825001C9332 /* hydrominder */,
				80C54DBA27F2582F001C9332 /* hydrominderTests */,
				80C54DC427F2582F001C9332 /* hydrominderUITests */,
				80C54DA327F25825001C9332 /* Products */,
			);
			sourceTree = "<group>";
		};
		80C54DA327F25825001C9332 /* Products */ = {
			isa = PBXGroup;
			children = (
				80C54DA227F25825001C9332 /* hydrominder.app */,
				80C54DB727F2582F001C9332 /* hydrominderTests.xctest */,
				80C54DC127F2582F001C9332 /* hydrominderUITests.xctest */,
			);
			name = Products;
			sourceTree = "<group>";
		};
		80C54DA427F25825001C9332 /* hydrominder */ = {
			isa = PBXGroup;
			children = (
				80C54DA527F25825001C9332 /* hydrominderApp.swift */,
				80C54DA727F25825001C9332 /* ContentView.swift */,
				80C54DA927F2582E001C9332 /* Assets.xcassets */,
				80C54DAE27F2582E001C9332 /* Persistence.swift */,
				80C54DB027F2582E001C9332 /* hydrominder.xcdatamodeld */,
				80C54DAB27F2582E001C9332 /* Preview Content */,
			);
			path = hydrominder;
			sourceTree = "<group>";
		};
		80C54DAB27F2582E001C9332 /* Preview Content */ = {
			isa = PBXGroup;
			children = (
				80C54DAC27F2582E001C9332 /* Preview Assets.xcassets */,
			);
			path = "Preview Content";
			sourceTree = "<group>";
		};
		80C54DBA27F2582F001C9332 /* hydrominderTests */ = {
			isa = PBXGroup;
			children = (
				80C54DBB27F2582F001C9332 /* hydrominderTests.swift */,
			);
			path = hydrominderTests;
			sourceTree = "<group>";
		};
		80C54DC427F2582F001C9332 /* hydrominderUITests */ = {
			isa = PBXGroup;
			children = (
				80C54DC527F2582F001C9332 /* hydrominderUITests.swift */,
				80C54DC727F2582F001C9332 /* hydrominderUITestsLaunchTests.swift */,
			);
			path = hydrominderUITests;
			sourceTree = "<group>";
		};
/* End PBXGroup section */

/* Begin PBXNativeTarget section */
		80C54DA127F25824001C9332 /* hydrominder */ = {
			isa = PBXNativeTarget;
			buildConfigurationList = 80C54DCB27F2582F001C9332 /* Build configuration list for PBXNativeTarget "hydrominder" */;
			buildPhases = (
				80C54D9E27F25824001C9332 /* Sources */,
				80C54D9F27F25824001C9332 /* Frameworks */,
				80C54DA027F25824001C9332 /* Resources */,
			);
			buildRules = (
			);
			dependencies = (
			);
			name = hydrominder;
			productName = hydrominder;
			productReference = 80C54DA227F25825001C9332 /* hydrominder.app */;
			productType = "com.apple.product-type.application";
		};
		80C54DB627F2582F001C9332 /* hydrominderTests */ = {
			isa = PBXNativeTarget;
			buildConfigurationList = 80C54DCE27F2582F001C9332 /* Build configuration list for PBXNativeTarget "hydrominderTests" */;
			buildPhases = (
				80C54DB327F2582F001C9332 /* Sources */,
				80C54DB427F2582F001C9332 /* Frameworks */,
				80C54DB527F2582F001C9332 /* Resources */,
			);
			buildRules = (
			);
			dependencies = (
				80C54DB927F2582F001C9332 /* PBXTargetDependency */,
			);
			name = hydrominderTests;
			productName = hydrominderTests;
			productReference = 80C54DB727F2582F001C9332 /* hydrominderTests.xctest */;
			productType = "com.apple.product-type.bundle.unit-test";
		};
		80C54DC027F2582F001C9332 /* hydrominderUITests */ = {
			isa = PBXNativeTarget;
			buildConfigurationList = 80C54DD127F2582F001C9332 /* Build configuration list for PBXNativeTarget "hydrominderUITests" */;
			buildPhases = (
				80C54DBD27F2582F001C9332 /* Sources */,
				80C54DBE27F2582F001C9332 /* Frameworks */,
				80C54DBF27F2582F001C9332 /* Resources */,
			);
			buildRules = (
			);
			dependencies = (
				80C54DC327F2582F001C9332 /* PBXTargetDependency */,
			);
			name = hydrominderUITests;
			productName = hydrominderUITests;
			productReference = 80C54DC127F2582F001C9332 /* hydrominderUITests.xctest */;
			productType = "com.apple.product-type.bundle.ui-testing";
		};
/* End PBXNativeTarget section */

/* Begin PBXProject section */
		80C54D9A27F25824001C9332 /* Project object */ = {
			isa = PBXProject;
			attributes = {
				BuildIndependentTargetsInParallel = 1;
				LastSwiftUpdateCheck = 1330;
				LastUpgradeCheck = 1330;
				TargetAttributes = {
					80C54DA127F25824001C9332 = {
						CreatedOnToolsVersion = 13.3;
					};
					80C54DB627F2582F001C9332 = {
						CreatedOnToolsVersion = 13.3;
						TestTargetID = 80C54DA127F25824001C9332;
					};
					80C54DC027F2582F001C9332 = {
						CreatedOnToolsVersion = 13.3;
						TestTargetID = 80C54DA127F25824001C9332;
					};
				};
			};
			buildConfigurationList = 80C54D9D27F25824001C9332 /* Build configuration list for PBXProject "hydrominder" */;
			compatibilityVersion = "Xcode 13.0";
			developmentRegion = en;
			hasScannedForEncodings = 0;
			knownRegions = (
				en,
				Base,
			);
			mainGroup = 80C54D9927F25824001C9332;
			productRefGroup = 80C54DA327F25825001C9332 /* Products */;
			projectDirPath = "";
			projectRoot = "";
			targets = (
				80C54DA127F25824001C9332 /* hydrominder */,
				80C54DB627F2582F001C9332 /* hydrominderTests */,
				80C54DC027F2582F001C9332 /* hydrominderUITests */,
			);
		};
/* End PBXProject section */

/* Begin PBXResourcesBuildPhase section */
		80C54DA027F25824001C9332 /* Resources */ = {
			isa = PBXResourcesBuildPhase;
			buildActionMask = 2147483647;
			files = (
				80C54DAD27F2582E001C9332 /* Preview Assets.xcassets in Resources */,
				80C54DAA27F2582E001C9332 /* Assets.xcassets in Resources */,
			);
			runOnlyForDeploymentPostprocessing = 0;
		};
		80C54DB527F2582F001C9332 /* Resources */ = {
			isa = PBXResourcesBuildPhase;
			buildActionMask = 2147483647;
			files = (
			);
			runOnlyForDeploymentPostprocessing = 0;
		};
		80C54DBF27F2582F001C9332 /* Resources */ = {
			isa = PBXResourcesBuildPhase;
			buildActionMask = 2147483647;
			files = (
			);
			runOnlyForDeploymentPostprocessing = 0;
		};
/* End PBXResourcesBuildPhase section */

/* Begin PBXSourcesBuildPhase section */
		80C54D9E27F25824001C9332 /* Sources */ = {
			isa = PBXSourcesBuildPhase;
			buildActionMask = 2147483647;
			files = (
				80C54DAF27F2582E001C9332 /* Persistence.swift in Sources */,
				80C54DB227F2582E001C9332 /* hydrominder.xcdatamodeld in Sources */,
				80C54DA827F25825001C9332 /* ContentView.swift in Sources */,
				80C54DA627F25825001C9332 /* hydrominderApp.swift in Sources */,
			);
			runOnlyForDeploymentPostprocessing = 0;
		};
		80C54DB327F2582F001C9332 /* Sources */ = {
			isa = PBXSourcesBuildPhase;
			buildActionMask = 2147483647;
			files = (
				80C54DBC27F2582F001C9332 /* hydrominderTests.swift in Sources */,
			);
			runOnlyForDeploymentPostprocessing = 0;
		};
		80C54DBD27F2582F001C9332 /* Sources */ = {
			isa = PBXSourcesBuildPhase;
			buildActionMask = 2147483647;
			files = (
				80C54DC827F2582F001C9332 /* hydrominderUITestsLaunchTests.swift in Sources */,
				80C54DC627F2582F001C9332 /* hydrominderUITests.swift in Sources */,
			);
			runOnlyForDeploymentPostprocessing = 0;
		};
/* End PBXSourcesBuildPhase section */

/* Begin PBXTargetDependency section */
		80C54DB927F2582F001C9332 /* PBXTargetDependency */ = {
			isa = PBXTargetDependency;
			target = 80C54DA127F25824001C9332 /* hydrominder */;
			targetProxy = 80C54DB827F2582F001C9332 /* PBXContainerItemProxy */;
		};
		80C54DC327F2582F001C9332 /* PBXTargetDependency */ = {
			isa = PBXTargetDependency;
			target = 80C54DA127F25824001C9332 /* hydrominder */;
			targetProxy = 80C54DC227F2582F001C9332 /* PBXContainerItemProxy */;
		};
/* End PBXTargetDependency section */

/* Begin XCBuildConfiguration section */
		80C54DC927F2582F001C9332 /* Debug */ = {
			isa = XCBuildConfiguration;
			buildSettings = {
				ALWAYS_SEARCH_USER_PATHS = NO;
				CLANG_ANALYZER_NONNULL = YES;
				CLANG_ANALYZER_NUMBER_OBJECT_CONVERSION = YES_AGGRESSIVE;
				CLANG_CXX_LANGUAGE_STANDARD = "gnu++17";
				CLANG_ENABLE_MODULES = YES;
				CLANG_ENABLE_OBJC_ARC = YES;
				CLANG_ENABLE_OBJC_WEAK = YES;
				CLANG_WARN_BLOCK_CAPTURE_AUTORELEASING = YES;
				CLANG_WARN_BOOL_CONVERSION = YES;
				CLANG_WARN_COMMA = YES;
				CLANG_WARN_CONSTANT_CONVERSION = YES;
				CLANG_WARN_DEPRECATED_OBJC_IMPLEMENTATIONS = YES;
				CLANG_WARN_DIRECT_OBJC_ISA_USAGE = YES_ERROR;
				CLANG_WARN_DOCUMENTATION_COMMENTS = YES;
				CLANG_WARN_EMPTY_BODY = YES;
				CLANG_WARN_ENUM_CONVERSION = YES;
				CLANG_WARN_INFINITE_RECURSION = YES;
				CLANG_WARN_INT_CONVERSION = YES;
				CLANG_WARN_NON_LITERAL_NULL_CONVERSION = YES;
				CLANG_WARN_OBJC_IMPLICIT_RETAIN_SELF = YES;
				CLANG_WARN_OBJC_LITERAL_CONVERSION = YES;
				CLANG_WARN_OBJC_ROOT_CLASS = YES_ERROR;
				CLANG_WARN_QUOTED_INCLUDE_IN_FRAMEWORK_HEADER = YES;
				CLANG_WARN_RANGE_LOOP_ANALYSIS = YES;
				CLANG_WARN_STRICT_PROTOTYPES = YES;
				CLANG_WARN_SUSPICIOUS_MOVE = YES;
				CLANG_WARN_UNGUARDED_AVAILABILITY = YES_AGGRESSIVE;
				CLANG_WARN_UNREACHABLE_CODE = YES;
				CLANG_WARN__DUPLICATE_METHOD_MATCH = YES;
				COPY_PHASE_STRIP = NO;
				DEBUG_INFORMATION_FORMAT = dwarf;
				ENABLE_STRICT_OBJC_MSGSEND = YES;
				ENABLE_TESTABILITY = YES;
				GCC_C_LANGUAGE_STANDARD = gnu11;
				GCC_DYNAMIC_NO_PIC = NO;
				GCC_NO_COMMON_BLOCKS = YES;
				GCC_OPTIMIZATION_LEVEL = 0;
				GCC_PREPROCESSOR_DEFINITIONS = (
					"DEBUG=1",
					"$(inherited)",
				);
				GCC_WARN_64_TO_32_BIT_CONVERSION = YES;
				GCC_WARN_ABOUT_RETURN_TYPE = YES_ERROR;
				GCC_WARN_UNDECLARED_SELECTOR = YES;
				GCC_WARN_UNINITIALIZED_AUTOS = YES_AGGRESSIVE;
				GCC_WARN_UNUSED_FUNCTION = YES;
				GCC_WARN_UNUSED_VARIABLE = YES;
				IPHONEOS_DEPLOYMENT_TARGET = 15.4;
				MTL_ENABLE_DEBUG_INFO = INCLUDE_SOURCE;
				MTL_FAST_MATH = YES;
				ONLY_ACTIVE_ARCH = YES;
				SDKROOT = iphoneos;
				SWIFT_ACTIVE_COMPILATION_CONDITIONS = DEBUG;
				SWIFT_OPTIMIZATION_LEVEL = "-Onone";
			};
			name = Debug;
		};
		80C54DCA27F2582F001C9332 /* Release */ = {
			isa = XCBuildConfiguration;
			buildSettings = {
				ALWAYS_SEARCH_USER_PATHS = NO;
				CLANG_ANALYZER_NONNULL = YES;
				CLANG_ANALYZER_NUMBER_OBJECT_CONVERSION = YES_AGGRESSIVE;
				CLANG_CXX_LANGUAGE_STANDARD = "gnu++17";
				CLANG_ENABLE_MODULES = YES;
				CLANG_ENABLE_OBJC_ARC = YES;
				CLANG_ENABLE_OBJC_WEAK = YES;
				CLANG_WARN_BLOCK_CAPTURE_AUTORELEASING = YES;
				CLANG_WARN_BOOL_CONVERSION = YES;
				CLANG_WARN_COMMA = YES;
				CLANG_WARN_CONSTANT_CONVERSION = YES;
				CLANG_WARN_DEPRECATED_OBJC_IMPLEMENTATIONS = YES;
				CLANG_WARN_DIRECT_OBJC_ISA_USAGE = YES_ERROR;
				CLANG_WARN_DOCUMENTATION_COMMENTS = YES;
				CLANG_WARN_EMPTY_BODY = YES;
				CLANG_WARN_ENUM_CONVERSION = YES;
				CLANG_WARN_INFINITE_RECURSION = YES;
				CLANG_WARN_INT_CONVERSION = YES;
				CLANG_WARN_NON_LITERAL_NULL_CONVERSION = YES;
				CLANG_WARN_OBJC_IMPLICIT_RETAIN_SELF = YES;
				CLANG_WARN_OBJC_LITERAL_CONVERSION = YES;
				CLANG_WARN_OBJC_ROOT_CLASS = YES_ERROR;
				CLANG_WARN_QUOTED_INCLUDE_IN_FRAMEWORK_HEADER = YES;
				CLANG_WARN_RANGE_LOOP_ANALYSIS = YES;
				CLANG_WARN_STRICT_PROTOTYPES = YES;
				CLANG_WARN_SUSPICIOUS_MOVE = YES;
				CLANG_WARN_UNGUARDED_AVAILABILITY = YES_AGGRESSIVE;
				CLANG_WARN_UNREACHABLE_CODE = YES;
				CLANG_WARN__DUPLICATE_METHOD_MATCH = YES;
				COPY_PHASE_STRIP = NO;
				DEBUG_INFORMATION_FORMAT = "dwarf-with-dsym";
				ENABLE_NS_ASSERTIONS = NO;
				ENABLE_STRICT_OBJC_MSGSEND = YES;
				GCC_C_LANGUAGE_STANDARD = gnu11;
				GCC_NO_COMMON_BLOCKS = YES;
				GCC_WARN_64_TO_32_BIT_CONVERSION = YES;
				GCC_WARN_ABOUT_RETURN_TYPE = YES_ERROR;
				GCC_WARN_UNDECLARED_SELECTOR = YES;
				GCC_WARN_UNINITIALIZED_AUTOS = YES_AGGRESSIVE;
				GCC_WARN_UNUSED_FUNCTION = YES;
				GCC_WARN_UNUSED_VARIABLE = YES;
				IPHONEOS_DEPLOYMENT_TARGET = 15.4;
				MTL_ENABLE_DEBUG_INFO = NO;
				MTL_FAST_MATH = YES;
				SDKROOT = iphoneos;
				SWIFT_COMPILATION_MODE = wholemodule;
				SWIFT_OPTIMIZATION_LEVEL = "-O";
				VALIDATE_PRODUCT = YES;
			};
			name = Release;
		};
		80C54DCC27F2582F001C9332 /* Debug */ = {
			isa = XCBuildConfiguration;
			buildSettings = {
				ASSETCATALOG_COMPILER_APPICON_NAME = AppIcon;
				ASSETCATALOG_COMPILER_GLOBAL_ACCENT_COLOR_NAME = AccentColor;
				CODE_SIGN_STYLE = Automatic;
				CURRENT_PROJECT_VERSION = 1;
				DEVELOPMENT_ASSET_PATHS = "\"hydrominder/Preview Content\"";
				DEVELOPMENT_TEAM = GA259XDUP3;
				ENABLE_PREVIEWS = YES;
				GENERATE_INFOPLIST_FILE = YES;
				INFOPLIST_KEY_UIApplicationSceneManifest_Generation = YES;
				INFOPLIST_KEY_UIApplicationSupportsIndirectInputEvents = YES;
				INFOPLIST_KEY_UILaunchScreen_Generation = YES;
				INFOPLIST_KEY_UISupportedInterfaceOrientations_iPad = "UIInterfaceOrientationPortrait UIInterfaceOrientationPortraitUpsideDown UIInterfaceOrientationLandscapeLeft UIInterfaceOrientationLandscapeRight";
				INFOPLIST_KEY_UISupportedInterfaceOrientations_iPhone = "UIInterfaceOrientationPortrait UIInterfaceOrientationLandscapeLeft UIInterfaceOrientationLandscapeRight";
				LD_RUNPATH_SEARCH_PATHS = (
					"$(inherited)",
					"@executable_path/Frameworks",
				);
				MARKETING_VERSION = 1.0;
				PRODUCT_BUNDLE_IDENTIFIER = me.benjaminhera.hydrominder;
				PRODUCT_NAME = "$(TARGET_NAME)";
				SWIFT_EMIT_LOC_STRINGS = YES;
				SWIFT_VERSION = 5.0;
				TARGETED_DEVICE_FAMILY = "1,2";
			};
			name = Debug;
		};
		80C54DCD27F2582F001C9332 /* Release */ = {
			isa = XCBuildConfiguration;
			buildSettings = {
				ASSETCATALOG_COMPILER_APPICON_NAME = AppIcon;
				ASSETCATALOG_COMPILER_GLOBAL_ACCENT_COLOR_NAME = AccentColor;
				CODE_SIGN_STYLE = Automatic;
				CURRENT_PROJECT_VERSION = 1;
				DEVELOPMENT_ASSET_PATHS = "\"hydrominder/Preview Content\"";
				DEVELOPMENT_TEAM = GA259XDUP3;
				ENABLE_PREVIEWS = YES;
				GENERATE_INFOPLIST_FILE = YES;
				INFOPLIST_KEY_UIApplicationSceneManifest_Generation = YES;
				INFOPLIST_KEY_UIApplicationSupportsIndirectInputEvents = YES;
				INFOPLIST_KEY_UILaunchScreen_Generation = YES;
				INFOPLIST_KEY_UISupportedInterfaceOrientations_iPad = "UIInterfaceOrientationPortrait UIInterfaceOrientationPortraitUpsideDown UIInterfaceOrientationLandscapeLeft UIInterfaceOrientationLandscapeRight";
				INFOPLIST_KEY_UISupportedInterfaceOrientations_iPhone = "UIInterfaceOrientationPortrait UIInterfaceOrientationLandscapeLeft UIInterfaceOrientationLandscapeRight";
				LD_RUNPATH_SEARCH_PATHS = (
					"$(inherited)",
					"@executable_path/Frameworks",
				);
				MARKETING_VERSION = 1.0;
				PRODUCT_BUNDLE_IDENTIFIER = me.benjaminhera.hydrominder;
				PRODUCT_NAME = "$(TARGET_NAME)";
				SWIFT_EMIT_LOC_STRINGS = YES;
				SWIFT_VERSION = 5.0;
				TARGETED_DEVICE_FAMILY = "1,2";
			};
			name = Release;
		};
		80C54DCF27F2582F001C9332 /* Debug */ = {
			isa = XCBuildConfiguration;
			buildSettings = {
				ALWAYS_EMBED_SWIFT_STANDARD_LIBRARIES = YES;
				BUNDLE_LOADER = "$(TEST_HOST)";
				CODE_SIGN_STYLE = Automatic;
				CURRENT_PROJECT_VERSION = 1;
				DEVELOPMENT_TEAM = GA259XDUP3;
				GENERATE_INFOPLIST_FILE = YES;
				IPHONEOS_DEPLOYMENT_TARGET = 15.4;
				MARKETING_VERSION = 1.0;
				PRODUCT_BUNDLE_IDENTIFIER = me.benjaminhera.hydrominderTests;
				PRODUCT_NAME = "$(TARGET_NAME)";
				SWIFT_EMIT_LOC_STRINGS = NO;
				SWIFT_VERSION = 5.0;
				TARGETED_DEVICE_FAMILY = "1,2";
				TEST_HOST = "$(BUILT_PRODUCTS_DIR)/hydrominder.app/hydrominder";
			};
			name = Debug;
		};
		80C54DD027F2582F001C9332 /* Release */ = {
			isa = XCBuildConfiguration;
			buildSettings = {
				ALWAYS_EMBED_SWIFT_STANDARD_LIBRARIES = YES;
				BUNDLE_LOADER = "$(TEST_HOST)";
				CODE_SIGN_STYLE = Automatic;
				CURRENT_PROJECT_VERSION = 1;
				DEVELOPMENT_TEAM = GA259XDUP3;
				GENERATE_INFOPLIST_FILE = YES;
				IPHONEOS_DEPLOYMENT_TARGET = 15.4;
				MARKETING_VERSION = 1.0;
				PRODUCT_BUNDLE_IDENTIFIER = me.benjaminhera.hydrominderTests;
				PRODUCT_NAME = "$(TARGET_NAME)";
				SWIFT_EMIT_LOC_STRINGS = NO;
				SWIFT_VERSION = 5.0;
				TARGETED_DEVICE_FAMILY = "1,2";
				TEST_HOST = "$(BUILT_PRODUCTS_DIR)/hydrominder.app/hydrominder";
			};
			name = Release;
		};
		80C54DD227F2582F001C9332 /* Debug */ = {
			isa = XCBuildConfiguration;
			buildSettings = {
				ALWAYS_EMBED_SWIFT_STANDARD_LIBRARIES = YES;
				CODE_SIGN_STYLE = Automatic;
				CURRENT_PROJECT_VERSION = 1;
				DEVELOPMENT_TEAM = GA259XDUP3;
				GENERATE_INFOPLIST_FILE = YES;
				MARKETING_VERSION = 1.0;
				PRODUCT_BUNDLE_IDENTIFIER = me.benjaminhera.hydrominderUITests;
				PRODUCT_NAME = "$(TARGET_NAME)";
				SWIFT_EMIT_LOC_STRINGS = NO;
				SWIFT_VERSION = 5.0;
				TARGETED_DEVICE_FAMILY = "1,2";
				TEST_TARGET_NAME = hydrominder;
			};
			name = Debug;
		};
		80C54DD327F2582F001C9332 /* Release */ = {
			isa = XCBuildConfiguration;
			buildSettings = {
				ALWAYS_EMBED_SWIFT_STANDARD_LIBRARIES = YES;
				CODE_SIGN_STYLE = Automatic;
				CURRENT_PROJECT_VERSION = 1;
				DEVELOPMENT_TEAM = GA259XDUP3;
				GENERATE_INFOPLIST_FILE = YES;
				MARKETING_VERSION = 1.0;
				PRODUCT_BUNDLE_IDENTIFIER = me.benjaminhera.hydrominderUITests;
				PRODUCT_NAME = "$(TARGET_NAME)";
				SWIFT_EMIT_LOC_STRINGS = NO;
				SWIFT_VERSION = 5.0;
				TARGETED_DEVICE_FAMILY = "1,2";
				TEST_TARGET_NAME = hydrominder;
			};
			name = Release;
		};
/* End XCBuildConfiguration section */

/* Begin XCConfigurationList section */
		80C54D9D27F25824001C9332 /* Build configuration list for PBXProject "hydrominder" */ = {
			isa = XCConfigurationList;
			buildConfigurations = (
				80C54DC927F2582F001C9332 /* Debug */,
				80C54DCA27F2582F001C9332 /* Release */,
			);
			defaultConfigurationIsVisible = 0;
			defaultConfigurationName = Release;
		};
		80C54DCB27F2582F001C9332 /* Build configuration list for PBXNativeTarget "hydrominder" */ = {
			isa = XCConfigurationList;
			buildConfigurations = (
				80C54DCC27F2582F001C9332 /* Debug */,
				80C54DCD27F2582F001C9332 /* Release */,
			);
			defaultConfigurationIsVisible = 0;
			defaultConfigurationName = Release;
		};
		80C54DCE27F2582F001C9332 /* Build configuration list for PBXNativeTarget "hydrominderTests" */ = {
			isa = XCConfigurationList;
			buildConfigurations = (
				80C54DCF27F2582F001C9332 /* Debug */,
				80C54DD027F2582F001C9332 /* Release */,
			);
			defaultConfigurationIsVisible = 0;
			defaultConfigurationName = Release;
		};
		80C54DD127F2582F001C9332 /* Build configuration list for PBXNativeTarget "hydrominderUITests" */ = {
			isa = XCConfigurationList;
			buildConfigurations = (
				80C54DD227F2582F001C9332 /* Debug */,
				80C54DD327F2582F001C9332 /* Release */,
			);
			defaultConfigurationIsVisible = 0;
			defaultConfigurationName = Release;
		};
/* End XCConfigurationList section */

/* Begin XCVersionGroup section */
		80C54DB027F2582E001C9332 /* hydrominder.xcdatamodeld */ = {
			isa = XCVersionGroup;
			children = (
				80C54DB127F2582E001C9332 /* hydrominder.xcdatamodel */,
			);
			currentVersion = 80C54DB127F2582E001C9332 /* hydrominder.xcdatamodel */;
			path = hydrominder.xcdatamodeld;
			sourceTree = "<group>";
			versionGroupType = wrapper.xcdatamodel;
		};
/* End XCVersionGroup section */
	};
	rootObject = 80C54D9A27F25824001C9332 /* Project object */;
}
